Microsoft Visual Studio Solution File, Format Version 12.00
# Visual Studio Version 17
VisualStudioVersion = 17.5.2.0
MinimumVisualStudioVersion = 10.0.40219.1
Project("{FAE04EC0-301F-11D3-BF4B-00C04F79EFBC}") = "QUANLYTHUVIENC3", "QUANLYTHUVIENC3.csproj", "{72A3693B-232D-10BF-045A-D5219FFAA8D5}"
EndProject
Global
	GlobalSection(SolutionConfigurationPlatforms) = preSolution
		Debug|Any CPU = Debug|Any CPU
		Release|Any CPU = Release|Any CPU
	EndGlobalSection
	GlobalSection(ProjectConfigurationPlatforms) = postSolution
		{72A3693B-232D-10BF-045A-D5219FFAA8D5}.Debug|Any CPU.ActiveCfg = Debug|Any CPU
		{72A3693B-232D-10BF-045A-D5219FFAA8D5}.Debug|Any CPU.Build.0 = Debug|Any CPU
		{72A3693B-232D-10BF-045A-D5219FFAA8D5}.Release|Any CPU.ActiveCfg = Release|Any CPU
		{72A3693B-232D-10BF-045A-D5219FFAA8D5}.Release|Any CPU.Build.0 = Release|Any CPU
	EndGlobalSection
	GlobalSection(SolutionProperties) = preSolution
		HideSolutionNode = FALSE
	EndGlobalSection
	GlobalSection(ExtensibilityGlobals) = postSolution
		SolutionGuid = {EF906A38-42D4-4FEF-A750-8AEB23A4D68B}
	EndGlobalSection
EndGlobal
